
Microsoft Visual Studio Solution File, Format Version 12.00
Project("{FAE04EC0-301F-11D3-BF4B-00C04F79EFBC}") = "BakeryApp", "BakeryApp\BakeryApp.csproj", "{0DB44632-6CF5-401F-BB8B-DCBD6F5E9D5C}"
EndProject
Project("{FAE04EC0-301F-11D3-BF4B-00C04F79EFBC}") = "BakeryApp.Android", "BakeryApp.Android\BakeryApp.Android.csproj", "{98053D90-6BE1-49AF-8134-5B1C72B7B73D}"
EndProject
Project("{FAE04EC0-301F-11D3-BF4B-00C04F79EFBC}") = "BakeryApp.iOS", "BakeryApp.iOS\BakeryApp.iOS.csproj", "{6E7EA23D-9262-49F6-83D2-0515662B04CF}"
EndProject
Global
	GlobalSection(SolutionConfigurationPlatforms) = preSolution
		Ad-Hoc|iPhone = Ad-Hoc|iPhone
		AppStore|iPhone = AppStore|iPhone
		Debug|Any CPU = Debug|Any CPU
		Debug|iPhone = Debug|iPhone
		Debug|iPhoneSimulator = Debug|iPhoneSimulator
		Release|Any CPU = Release|Any CPU
		Release|iPhone = Release|iPhone
		Release|iPhoneSimulator = Release|iPhoneSimulator
	EndGlobalSection
	GlobalSection(ProjectConfigurationPlatforms) = postSolution
		{0DB44632-6CF5-401F-BB8B-DCBD6F5E9D5C}.Ad-Hoc|iPhone.ActiveCfg = Debug|Any CPU
		{0DB44632-6CF5-401F-BB8B-DCBD6F5E9D5C}.Ad-Hoc|iPhone.Build.0 = Debug|Any CPU
		{0DB44632-6CF5-401F-BB8B-DCBD6F5E9D5C}.AppStore|iPhone.ActiveCfg = Debug|Any CPU
		{0DB44632-6CF5-401F-BB8B-DCBD6F5E9D5C}.AppStore|iPhone.Build.0 = Debug|Any CPU
		{0DB44632-6CF5-401F-BB8B-DCBD6F5E9D5C}.Debug|Any CPU.ActiveCfg = Debug|Any CPU
		{0DB44632-6CF5-401F-BB8B-DCBD6F5E9D5C}.Debug|Any CPU.Build.0 = Debug|Any CPU
		{0DB44632-6CF5-401F-BB8B-DCBD6F5E9D5C}.Debug|iPhone.ActiveCfg = Debug|Any CPU
		{0DB44632-6CF5-401F-BB8B-DCBD6F5E9D5C}.Debug|iPhone.Build.0 = Debug|Any CPU
		{0DB44632-6CF5-401F-BB8B-DCBD6F5E9D5C}.Debug|iPhoneSimulator.ActiveCfg = Debug|Any CPU
		{0DB44632-6CF5-401F-BB8B-DCBD6F5E9D5C}.Debug|iPhoneSimulator.Build.0 = Debug|Any CPU
		{0DB44632-6CF5-401F-BB8B-DCBD6F5E9D5C}.Release|Any CPU.ActiveCfg = Release|Any CPU
		{0DB44632-6CF5-401F-BB8B-DCBD6F5E9D5C}.Release|Any CPU.Build.0 = Release|Any CPU
		{0DB44632-6CF5-401F-BB8B-DCBD6F5E9D5C}.Release|iPhone.ActiveCfg = Release|Any CPU
		{0DB44632-6CF5-401F-BB8B-DCBD6F5E9D5C}.Release|iPhone.Build.0 = Release|Any CPU
		{0DB44632-6CF5-401F-BB8B-DCBD6F5E9D5C}.Release|iPhoneSimulator.ActiveCfg = Release|Any CPU
		{0DB44632-6CF5-401F-BB8B-DCBD6F5E9D5C}.Release|iPhoneSimulator.Build.0 = Release|Any CPU
		{98053D90-6BE1-49AF-8134-5B1C72B7B73D}.Ad-Hoc|iPhone.ActiveCfg = Debug|Any CPU
		{98053D90-6BE1-49AF-8134-5B1C72B7B73D}.Ad-Hoc|iPhone.Build.0 = Debug|Any CPU
		{98053D90-6BE1-49AF-8134-5B1C72B7B73D}.Ad-Hoc|iPhone.Deploy.0 = Debug|Any CPU
		{98053D90-6BE1-49AF-8134-5B1C72B7B73D}.AppStore|iPhone.ActiveCfg = Debug|Any CPU
		{98053D90-6BE1-49AF-8134-5B1C72B7B73D}.AppStore|iPhone.Build.0 = Debug|Any CPU
		{98053D90-6BE1-49AF-8134-5B1C72B7B73D}.AppStore|iPhone.Deploy.0 = Debug|Any CPU
		{98053D90-6BE1-49AF-8134-5B1C72B7B73D}.Debug|Any CPU.ActiveCfg = Debug|Any CPU
		{98053D90-6BE1-49AF-8134-5B1C72B7B73D}.Debug|Any CPU.Build.0 = Debug|Any CPU
		{98053D90-6BE1-49AF-8134-5B1C72B7B73D}.Debug|Any CPU.Deploy.0 = Debug|Any CPU
		{98053D90-6BE1-49AF-8134-5B1C72B7B73D}.Debug|iPhone.ActiveCfg = Debug|Any CPU
		{98053D90-6BE1-49AF-8134-5B1C72B7B73D}.Debug|iPhone.Build.0 = Debug|Any CPU
		{98053D90-6BE1-49AF-8134-5B1C72B7B73D}.Debug|iPhone.Deploy.0 = Debug|Any CPU
		{98053D90-6BE1-49AF-8134-5B1C72B7B73D}.Debug|iPhoneSimulator.ActiveCfg = Debug|Any CPU
		{98053D90-6BE1-49AF-8134-5B1C72B7B73D}.Debug|iPhoneSimulator.Build.0 = Debug|Any CPU
		{98053D90-6BE1-49AF-8134-5B1C72B7B73D}.Debug|iPhoneSimulator.Deploy.0 = Debug|Any CPU
		{98053D90-6BE1-49AF-8134-5B1C72B7B73D}.Release|Any CPU.ActiveCfg = Release|Any CPU
		{98053D90-6BE1-49AF-8134-5B1C72B7B73D}.Release|Any CPU.Build.0 = Release|Any CPU
		{98053D90-6BE1-49AF-8134-5B1C72B7B73D}.Release|Any CPU.Deploy.0 = Release|Any CPU
		{98053D90-6BE1-49AF-8134-5B1C72B7B73D}.Release|iPhone.ActiveCfg = Release|Any CPU
		{98053D90-6BE1-49AF-8134-5B1C72B7B73D}.Release|iPhone.Build.0 = Release|Any CPU
		{98053D90-6BE1-49AF-8134-5B1C72B7B73D}.Release|iPhone.Deploy.0 = Release|Any CPU
		{98053D90-6BE1-49AF-8134-5B1C72B7B73D}.Release|iPhoneSimulator.ActiveCfg = Release|Any CPU
		{98053D90-6BE1-49AF-8134-5B1C72B7B73D}.Release|iPhoneSimulator.Build.0 = Release|Any CPU
		{98053D90-6BE1-49AF-8134-5B1C72B7B73D}.Release|iPhoneSimulator.Deploy.0 = Release|Any CPU
		{6E7EA23D-9262-49F6-83D2-0515662B04CF}.Ad-Hoc|iPhone.ActiveCfg = Ad-Hoc|iPhone
		{6E7EA23D-9262-49F6-83D2-0515662B04CF}.Ad-Hoc|iPhone.Build.0 = Ad-Hoc|iPhone
		{6E7EA23D-9262-49F6-83D2-0515662B04CF}.Ad-Hoc|iPhone.Deploy.0 = Ad-Hoc|iPhone
		{6E7EA23D-9262-49F6-83D2-0515662B04CF}.AppStore|iPhone.ActiveCfg = AppStore|iPhone
		{6E7EA23D-9262-49F6-83D2-0515662B04CF}.AppStore|iPhone.Build.0 = AppStore|iPhone
		{6E7EA23D-9262-49F6-83D2-0515662B04CF}.AppStore|iPhone.Deploy.0 = AppStore|iPhone
		{6E7EA23D-9262-49F6-83D2-0515662B04CF}.Debug|Any CPU.ActiveCfg = Debug|iPhoneSimulator
		{6E7EA23D-9262-49F6-83D2-0515662B04CF}.Debug|Any CPU.Build.0 = Debug|iPhoneSimulator
		{6E7EA23D-9262-49F6-83D2-0515662B04CF}.Debug|Any CPU.Deploy.0 = Debug|iPhoneSimulator
		{6E7EA23D-9262-49F6-83D2-0515662B04CF}.Debug|iPhone.ActiveCfg = Debug|iPhone
		{6E7EA23D-9262-49F6-83D2-0515662B04CF}.Debug|iPhone.Build.0 = Debug|iPhone
		{6E7EA23D-9262-49F6-83D2-0515662B04CF}.Debug|iPhone.Deploy.0 = Debug|iPhone
		{6E7EA23D-9262-49F6-83D2-0515662B04CF}.Debug|iPhoneSimulator.ActiveCfg = Debug|iPhoneSimulator
		{6E7EA23D-9262-49F6-83D2-0515662B04CF}.Debug|iPhoneSimulator.Build.0 = Debug|iPhoneSimulator
		{6E7EA23D-9262-49F6-83D2-0515662B04CF}.Debug|iPhoneSimulator.Deploy.0 = Debug|iPhoneSimulator
		{6E7EA23D-9262-49F6-83D2-0515662B04CF}.Release|Any CPU.ActiveCfg = Release|iPhoneSimulator
		{6E7EA23D-9262-49F6-83D2-0515662B04CF}.Release|Any CPU.Build.0 = Release|iPhoneSimulator
		{6E7EA23D-9262-49F6-83D2-0515662B04CF}.Release|Any CPU.Deploy.0 = Release|iPhoneSimulator
		{6E7EA23D-9262-49F6-83D2-0515662B04CF}.Release|iPhone.ActiveCfg = Release|iPhone
		{6E7EA23D-9262-49F6-83D2-0515662B04CF}.Release|iPhone.Build.0 = Release|iPhone
		{6E7EA23D-9262-49F6-83D2-0515662B04CF}.Release|iPhone.Deploy.0 = Release|iPhone
		{6E7EA23D-9262-49F6-83D2-0515662B04CF}.Release|iPhoneSimulator.ActiveCfg = Release|iPhoneSimulator
		{6E7EA23D-9262-49F6-83D2-0515662B04CF}.Release|iPhoneSimulator.Build.0 = Release|iPhoneSimulator
		{6E7EA23D-9262-49F6-83D2-0515662B04CF}.Release|iPhoneSimulator.Deploy.0 = Release|iPhoneSimulator
	EndGlobalSection
EndGlobal
