
Microsoft Visual Studio Solution File, Format Version 12.00
Project("{FAE04EC0-301F-11D3-BF4B-00C04F79EFBC}") = "ListViewApp", "ListViewApp\ListViewApp\ListViewApp.csproj", "{81611844-E3A2-421C-AA5C-8416CE25C6FA}"
EndProject
Project("{FAE04EC0-301F-11D3-BF4B-00C04F79EFBC}") = "ListViewApp.Android", "ListViewApp\ListViewApp.Android\ListViewApp.Android.csproj", "{DBF3D016-C502-4394-AC25-73C1D64CBB82}"
EndProject
Project("{FAE04EC0-301F-11D3-BF4B-00C04F79EFBC}") = "ListViewApp.iOS", "ListViewApp\ListViewApp.iOS\ListViewApp.iOS.csproj", "{DBF332E3-E747-4447-97FE-F400CCB2D036}"
EndProject
Project("{2150E333-8FDC-42A3-9474-1A3956D46DE8}") = "ListViewApp.Platforms", "ListViewApp.Platforms", "{B9B1CAEC-6887-40E3-A720-063FB09EA285}"
EndProject
Project("{2150E333-8FDC-42A3-9474-1A3956D46DE8}") = "CounterApp.Platforms", "CounterApp.Platforms", "{A34585E6-EA2D-4617-B63B-CA47B9284C22}"
EndProject
Project("{FAE04EC0-301F-11D3-BF4B-00C04F79EFBC}") = "CounterApp", "CounterApp\CounterApp\CounterApp.csproj", "{097C60E9-1212-411F-93C9-28015ACAD24A}"
EndProject
Project("{FAE04EC0-301F-11D3-BF4B-00C04F79EFBC}") = "CounterApp.Android", "CounterApp\CounterApp.Android\CounterApp.Android.csproj", "{B83279D3-BA2A-4370-80BB-E0E96564F457}"
EndProject
Project("{FAE04EC0-301F-11D3-BF4B-00C04F79EFBC}") = "CounterApp.iOS", "CounterApp\CounterApp.iOS\CounterApp.iOS.csproj", "{BFAA921F-3125-419D-ADCF-7D414A41E561}"
EndProject
Global
	GlobalSection(SolutionConfigurationPlatforms) = preSolution
		Debug|Any CPU = Debug|Any CPU
		Release|Any CPU = Release|Any CPU
	EndGlobalSection
	GlobalSection(ProjectConfigurationPlatforms) = postSolution
		{81611844-E3A2-421C-AA5C-8416CE25C6FA}.Debug|Any CPU.ActiveCfg = Debug|Any CPU
		{81611844-E3A2-421C-AA5C-8416CE25C6FA}.Debug|Any CPU.Build.0 = Debug|Any CPU
		{81611844-E3A2-421C-AA5C-8416CE25C6FA}.Release|Any CPU.ActiveCfg = Release|Any CPU
		{81611844-E3A2-421C-AA5C-8416CE25C6FA}.Release|Any CPU.Build.0 = Release|Any CPU
		{DBF3D016-C502-4394-AC25-73C1D64CBB82}.Debug|Any CPU.ActiveCfg = Debug|Any CPU
		{DBF3D016-C502-4394-AC25-73C1D64CBB82}.Debug|Any CPU.Build.0 = Debug|Any CPU
		{DBF3D016-C502-4394-AC25-73C1D64CBB82}.Release|Any CPU.ActiveCfg = Release|Any CPU
		{DBF3D016-C502-4394-AC25-73C1D64CBB82}.Release|Any CPU.Build.0 = Release|Any CPU
		{DBF332E3-E747-4447-97FE-F400CCB2D036}.Debug|Any CPU.ActiveCfg = Debug|iPhoneSimulator
		{DBF332E3-E747-4447-97FE-F400CCB2D036}.Debug|Any CPU.Build.0 = Debug|iPhoneSimulator
		{DBF332E3-E747-4447-97FE-F400CCB2D036}.Release|Any CPU.ActiveCfg = Release|iPhoneSimulator
		{DBF332E3-E747-4447-97FE-F400CCB2D036}.Release|Any CPU.Build.0 = Release|iPhoneSimulator
		{097C60E9-1212-411F-93C9-28015ACAD24A}.Debug|Any CPU.ActiveCfg = Debug|Any CPU
		{097C60E9-1212-411F-93C9-28015ACAD24A}.Debug|Any CPU.Build.0 = Debug|Any CPU
		{097C60E9-1212-411F-93C9-28015ACAD24A}.Release|Any CPU.ActiveCfg = Release|Any CPU
		{097C60E9-1212-411F-93C9-28015ACAD24A}.Release|Any CPU.Build.0 = Release|Any CPU
		{B83279D3-BA2A-4370-80BB-E0E96564F457}.Debug|Any CPU.ActiveCfg = Debug|Any CPU
		{B83279D3-BA2A-4370-80BB-E0E96564F457}.Debug|Any CPU.Build.0 = Debug|Any CPU
		{B83279D3-BA2A-4370-80BB-E0E96564F457}.Release|Any CPU.ActiveCfg = Release|Any CPU
		{B83279D3-BA2A-4370-80BB-E0E96564F457}.Release|Any CPU.Build.0 = Release|Any CPU
		{BFAA921F-3125-419D-ADCF-7D414A41E561}.Debug|Any CPU.ActiveCfg = Debug|iPhoneSimulator
		{BFAA921F-3125-419D-ADCF-7D414A41E561}.Debug|Any CPU.Build.0 = Debug|iPhoneSimulator
		{BFAA921F-3125-419D-ADCF-7D414A41E561}.Release|Any CPU.ActiveCfg = Release|iPhoneSimulator
		{BFAA921F-3125-419D-ADCF-7D414A41E561}.Release|Any CPU.Build.0 = Release|iPhoneSimulator
	EndGlobalSection
	GlobalSection(NestedProjects) = preSolution
		{DBF3D016-C502-4394-AC25-73C1D64CBB82} = {B9B1CAEC-6887-40E3-A720-063FB09EA285}
		{DBF332E3-E747-4447-97FE-F400CCB2D036} = {B9B1CAEC-6887-40E3-A720-063FB09EA285}
		{B83279D3-BA2A-4370-80BB-E0E96564F457} = {A34585E6-EA2D-4617-B63B-CA47B9284C22}
		{BFAA921F-3125-419D-ADCF-7D414A41E561} = {A34585E6-EA2D-4617-B63B-CA47B9284C22}
	EndGlobalSection
EndGlobal
